// !$*UTF8*$!
{
	archiveVersion = 1;
	classes = {
	};
	objectVersion = 46;
	objects = {

/* Begin PBXBuildFile section */
		DF1B5B87192FC81E0003166B /* Foundation.framework in Frameworks */ = {isa = PBXBuildFile; fileRef = DF1B5B86192FC81E0003166B /* Foundation.framework */; };
		DF1B5B89192FC81E0003166B /* CoreGraphics.framework in Frameworks */ = {isa = PBXBuildFile; fileRef = DF1B5B88192FC81E0003166B /* CoreGraphics.framework */; };
		DF1B5B8B192FC81E0003166B /* UIKit.framework in Frameworks */ = {isa = PBXBuildFile; fileRef = DF1B5B8A192FC81E0003166B /* UIKit.framework */; };
		DF1B5B91192FC81E0003166B /* InfoPlist.strings in Resources */ = {isa = PBXBuildFile; fileRef = DF1B5B8F192FC81E0003166B /* InfoPlist.strings */; };
		DF1B5B93192FC81E0003166B /* main.m in Sources */ = {isa = PBXBuildFile; fileRef = DF1B5B92192FC81E0003166B /* main.m */; };
		DF1B5B97192FC81E0003166B /* AppDelegate.m in Sources */ = {isa = PBXBuildFile; fileRef = DF1B5B96192FC81E0003166B /* AppDelegate.m */; };
		DF1B5B9A192FC81E0003166B /* Main.storyboard in Resources */ = {isa = PBXBuildFile; fileRef = DF1B5B98192FC81E0003166B /* Main.storyboard */; };
		DF1B5B9D192FC81E0003166B /* ViewController.m in Sources */ = {isa = PBXBuildFile; fileRef = DF1B5B9C192FC81E0003166B /* ViewController.m */; };
		DF1B5B9F192FC81E0003166B /* Images.xcassets in Resources */ = {isa = PBXBuildFile; fileRef = DF1B5B9E192FC81E0003166B /* Images.xcassets */; };
		DF1B5BA6192FC81F0003166B /* XCTest.framework in Frameworks */ = {isa = PBXBuildFile; fileRef = DF1B5BA5192FC81F0003166B /* XCTest.framework */; };
		DF1B5BA7192FC81F0003166B /* Foundation.framework in Frameworks */ = {isa = PBXBuildFile; fileRef = DF1B5B86192FC81E0003166B /* Foundation.framework */; };
		DF1B5BA8192FC81F0003166B /* UIKit.framework in Frameworks */ = {isa = PBXBuildFile; fileRef = DF1B5B8A192FC81E0003166B /* UIKit.framework */; };
		DF1B5BB0192FC81F0003166B /* InfoPlist.strings in Resources */ = {isa = PBXBuildFile; fileRef = DF1B5BAE192FC81F0003166B /* InfoPlist.strings */; };
		DF1B5BB2192FC81F0003166B /* FoodaTests.m in Sources */ = {isa = PBXBuildFile; fileRef = DF1B5BB1192FC81F0003166B /* FoodaTests.m */; };
/* End PBXBuildFile section */

/* Begin PBXContainerItemProxy section */
		DF1B5BA9192FC81F0003166B /* PBXContainerItemProxy */ = {
			isa = PBXContainerItemProxy;
			containerPortal = DF1B5B7B192FC81E0003166B /* Project object */;
			proxyType = 1;
			remoteGlobalIDString = DF1B5B82192FC81E0003166B;
			remoteInfo = Fooda;
		};
/* End PBXContainerItemProxy section */

/* Begin PBXFileReference section */
		DF1B5B83192FC81E0003166B /* Fooda.app */ = {isa = PBXFileReference; explicitFileType = wrapper.application; includeInIndex = 0; path = Fooda.app; sourceTree = BUILT_PRODUCTS_DIR; };
		DF1B5B86192FC81E0003166B /* Foundation.framework */ = {isa = PBXFileReference; lastKnownFileType = wrapper.framework; name = Foundation.framework; path = System/Library/Frameworks/Foundation.framework; sourceTree = SDKROOT; };
		DF1B5B88192FC81E0003166B /* CoreGraphics.framework */ = {isa = PBXFileReference; lastKnownFileType = wrapper.framework; name = CoreGraphics.framework; path = System/Library/Frameworks/CoreGraphics.framework; sourceTree = SDKROOT; };
		DF1B5B8A192FC81E0003166B /* UIKit.framework */ = {isa = PBXFileReference; lastKnownFileType = wrapper.framework; name = UIKit.framework; path = System/Library/Frameworks/UIKit.framework; sourceTree = SDKROOT; };
		DF1B5B8E192FC81E0003166B /* Fooda-Info.plist */ = {isa = PBXFileReference; lastKnownFileType = text.plist.xml; path = "Fooda-Info.plist"; sourceTree = "<group>"; };
		DF1B5B90192FC81E0003166B /* en */ = {isa = PBXFileReference; lastKnownFileType = text.plist.strings; name = en; path = en.lproj/InfoPlist.strings; sourceTree = "<group>"; };
		DF1B5B92192FC81E0003166B /* main.m */ = {isa = PBXFileReference; lastKnownFileType = sourcecode.c.objc; path = main.m; sourceTree = "<group>"; };
		DF1B5B94192FC81E0003166B /* Fooda-Prefix.pch */ = {isa = PBXFileReference; lastKnownFileType = sourcecode.c.h; path = "Fooda-Prefix.pch"; sourceTree = "<group>"; };
		DF1B5B95192FC81E0003166B /* AppDelegate.h */ = {isa = PBXFileReference; lastKnownFileType = sourcecode.c.h; path = AppDelegate.h; sourceTree = "<group>"; };
		DF1B5B96192FC81E0003166B /* AppDelegate.m */ = {isa = PBXFileReference; lastKnownFileType = sourcecode.c.objc; path = AppDelegate.m; sourceTree = "<group>"; };
		DF1B5B99192FC81E0003166B /* Base */ = {isa = PBXFileReference; lastKnownFileType = file.storyboard; name = Base; path = Base.lproj/Main.storyboard; sourceTree = "<group>"; };
		DF1B5B9B192FC81E0003166B /* ViewController.h */ = {isa = PBXFileReference; lastKnownFileType = sourcecode.c.h; path = ViewController.h; sourceTree = "<group>"; };
		DF1B5B9C192FC81E0003166B /* ViewController.m */ = {isa = PBXFileReference; lastKnownFileType = sourcecode.c.objc; path = ViewController.m; sourceTree = "<group>"; };
		DF1B5B9E192FC81E0003166B /* Images.xcassets */ = {isa = PBXFileReference; lastKnownFileType = folder.assetcatalog; path = Images.xcassets; sourceTree = "<group>"; };
		DF1B5BA4192FC81F0003166B /* FoodaTests.xctest */ = {isa = PBXFileReference; explicitFileType = wrapper.cfbundle; includeInIndex = 0; path = FoodaTests.xctest; sourceTree = BUILT_PRODUCTS_DIR; };
		DF1B5BA5192FC81F0003166B /* XCTest.framework */ = {isa = PBXFileReference; lastKnownFileType = wrapper.framework; name = XCTest.framework; path = Library/Frameworks/XCTest.framework; sourceTree = DEVELOPER_DIR; };
		DF1B5BAD192FC81F0003166B /* FoodaTests-Info.plist */ = {isa = PBXFileReference; lastKnownFileType = text.plist.xml; path = "FoodaTests-Info.plist"; sourceTree = "<group>"; };
		DF1B5BAF192FC81F0003166B /* en */ = {isa = PBXFileReference; lastKnownFileType = text.plist.strings; name = en; path = en.lproj/InfoPlist.strings; sourceTree = "<group>"; };
		DF1B5BB1192FC81F0003166B /* FoodaTests.m */ = {isa = PBXFileReference; lastKnownFileType = sourcecode.c.objc; path = FoodaTests.m; sourceTree = "<group>"; };
/* End PBXFileReference section */

/* Begin PBXFrameworksBuildPhase section */
		DF1B5B80192FC81E0003166B /* Frameworks */ = {
			isa = PBXFrameworksBuildPhase;
			buildActionMask = 2147483647;
			files = (
				DF1B5B89192FC81E0003166B /* CoreGraphics.framework in Frameworks */,
				DF1B5B8B192FC81E0003166B /* UIKit.framework in Frameworks */,
				DF1B5B87192FC81E0003166B /* Foundation.framework in Frameworks */,
			);
			runOnlyForDeploymentPostprocessing = 0;
		};
		DF1B5BA1192FC81F0003166B /* Frameworks */ = {
			isa = PBXFrameworksBuildPhase;
			buildActionMask = 2147483647;
			files = (
				DF1B5BA6192FC81F0003166B /* XCTest.framework in Frameworks */,
				DF1B5BA8192FC81F0003166B /* UIKit.framework in Frameworks */,
				DF1B5BA7192FC81F0003166B /* Foundation.framework in Frameworks */,
			);
			runOnlyForDeploymentPostprocessing = 0;
		};
/* End PBXFrameworksBuildPhase section */

/* Begin PBXGroup section */
		DF1B5B7A192FC81E0003166B = {
			isa = PBXGroup;
			children = (
				DF1B5B8C192FC81E0003166B /* Fooda */,
				DF1B5BAB192FC81F0003166B /* FoodaTests */,
				DF1B5B85192FC81E0003166B /* Frameworks */,
				DF1B5B84192FC81E0003166B /* Products */,
			);
			sourceTree = "<group>";
		};
		DF1B5B84192FC81E0003166B /* Products */ = {
			isa = PBXGroup;
			children = (
				DF1B5B83192FC81E0003166B /* Fooda.app */,
				DF1B5BA4192FC81F0003166B /* FoodaTests.xctest */,
			);
			name = Products;
			sourceTree = "<group>";
		};
		DF1B5B85192FC81E0003166B /* Frameworks */ = {
			isa = PBXGroup;
			children = (
				DF1B5B86192FC81E0003166B /* Foundation.framework */,
				DF1B5B88192FC81E0003166B /* CoreGraphics.framework */,
				DF1B5B8A192FC81E0003166B /* UIKit.framework */,
				DF1B5BA5192FC81F0003166B /* XCTest.framework */,
			);
			name = Frameworks;
			sourceTree = "<group>";
		};
		DF1B5B8C192FC81E0003166B /* Fooda */ = {
			isa = PBXGroup;
			children = (
				DF1B5B95192FC81E0003166B /* AppDelegate.h */,
				DF1B5B96192FC81E0003166B /* AppDelegate.m */,
				DF1B5B98192FC81E0003166B /* Main.storyboard */,
				DF1B5B9B192FC81E0003166B /* ViewController.h */,
				DF1B5B9C192FC81E0003166B /* ViewController.m */,
				DF1B5B9E192FC81E0003166B /* Images.xcassets */,
				DF1B5B8D192FC81E0003166B /* Supporting Files */,
			);
			path = Fooda;
			sourceTree = "<group>";
		};
		DF1B5B8D192FC81E0003166B /* Supporting Files */ = {
			isa = PBXGroup;
			children = (
				DF1B5B8E192FC81E0003166B /* Fooda-Info.plist */,
				DF1B5B8F192FC81E0003166B /* InfoPlist.strings */,
				DF1B5B92192FC81E0003166B /* main.m */,
				DF1B5B94192FC81E0003166B /* Fooda-Prefix.pch */,
			);
			name = "Supporting Files";
			sourceTree = "<group>";
		};
		DF1B5BAB192FC81F0003166B /* FoodaTests */ = {
			isa = PBXGroup;
			children = (
				DF1B5BB1192FC81F0003166B /* FoodaTests.m */,
				DF1B5BAC192FC81F0003166B /* Supporting Files */,
			);
			path = FoodaTests;
			sourceTree = "<group>";
		};
		DF1B5BAC192FC81F0003166B /* Supporting Files */ = {
			isa = PBXGroup;
			children = (
				DF1B5BAD192FC81F0003166B /* FoodaTests-Info.plist */,
				DF1B5BAE192FC81F0003166B /* InfoPlist.strings */,
			);
			name = "Supporting Files";
			sourceTree = "<group>";
		};
/* End PBXGroup section */

/* Begin PBXNativeTarget section */
		DF1B5B82192FC81E0003166B /* Fooda */ = {
			isa = PBXNativeTarget;
			buildConfigurationList = DF1B5BB5192FC81F0003166B /* Build configuration list for PBXNativeTarget "Fooda" */;
			buildPhases = (
				DF1B5B7F192FC81E0003166B /* Sources */,
				DF1B5B80192FC81E0003166B /* Frameworks */,
				DF1B5B81192FC81E0003166B /* Resources */,
			);
			buildRules = (
			);
			dependencies = (
			);
			name = Fooda;
			productName = Fooda;
			productReference = DF1B5B83192FC81E0003166B /* Fooda.app */;
			productType = "com.apple.product-type.application";
		};
		DF1B5BA3192FC81F0003166B /* FoodaTests */ = {
			isa = PBXNativeTarget;
			buildConfigurationList = DF1B5BB8192FC81F0003166B /* Build configuration list for PBXNativeTarget "FoodaTests" */;
			buildPhases = (
				DF1B5BA0192FC81F0003166B /* Sources */,
				DF1B5BA1192FC81F0003166B /* Frameworks */,
				DF1B5BA2192FC81F0003166B /* Resources */,
			);
			buildRules = (
			);
			dependencies = (
				DF1B5BAA192FC81F0003166B /* PBXTargetDependency */,
			);
			name = FoodaTests;
			productName = FoodaTests;
			productReference = DF1B5BA4192FC81F0003166B /* FoodaTests.xctest */;
			productType = "com.apple.product-type.bundle.unit-test";
		};
/* End PBXNativeTarget section */

/* Begin PBXProject section */
		DF1B5B7B192FC81E0003166B /* Project object */ = {
			isa = PBXProject;
			attributes = {
				LastUpgradeCheck = 0510;
				ORGANIZATIONNAME = "Christopher Gu";
				TargetAttributes = {
					DF1B5BA3192FC81F0003166B = {
						TestTargetID = DF1B5B82192FC81E0003166B;
					};
				};
			};
			buildConfigurationList = DF1B5B7E192FC81E0003166B /* Build configuration list for PBXProject "Fooda" */;
			compatibilityVersion = "Xcode 3.2";
			developmentRegion = English;
			hasScannedForEncodings = 0;
			knownRegions = (
				en,
				Base,
			);
			mainGroup = DF1B5B7A192FC81E0003166B;
			productRefGroup = DF1B5B84192FC81E0003166B /* Products */;
			projectDirPath = "";
			projectRoot = "";
			targets = (
				DF1B5B82192FC81E0003166B /* Fooda */,
				DF1B5BA3192FC81F0003166B /* FoodaTests */,
			);
		};
/* End PBXProject section */

/* Begin PBXResourcesBuildPhase section */
		DF1B5B81192FC81E0003166B /* Resources */ = {
			isa = PBXResourcesBuildPhase;
			buildActionMask = 2147483647;
			files = (
				DF1B5B9F192FC81E0003166B /* Images.xcassets in Resources */,
				DF1B5B91192FC81E0003166B /* InfoPlist.strings in Resources */,
				DF1B5B9A192FC81E0003166B /* Main.storyboard in Resources */,
			);
			runOnlyForDeploymentPostprocessing = 0;
		};
		DF1B5BA2192FC81F0003166B /* Resources */ = {
			isa = PBXResourcesBuildPhase;
			buildActionMask = 2147483647;
			files = (
				DF1B5BB0192FC81F0003166B /* InfoPlist.strings in Resources */,
			);
			runOnlyForDeploymentPostprocessing = 0;
		};
/* End PBXResourcesBuildPhase section */

/* Begin PBXSourcesBuildPhase section */
		DF1B5B7F192FC81E0003166B /* Sources */ = {
			isa = PBXSourcesBuildPhase;
			buildActionMask = 2147483647;
			files = (
				DF1B5B9D192FC81E0003166B /* ViewController.m in Sources */,
				DF1B5B97192FC81E0003166B /* AppDelegate.m in Sources */,
				DF1B5B93192FC81E0003166B /* main.m in Sources */,
			);
			runOnlyForDeploymentPostprocessing = 0;
		};
		DF1B5BA0192FC81F0003166B /* Sources */ = {
			isa = PBXSourcesBuildPhase;
			buildActionMask = 2147483647;
			files = (
				DF1B5BB2192FC81F0003166B /* FoodaTests.m in Sources */,
			);
			runOnlyForDeploymentPostprocessing = 0;
		};
/* End PBXSourcesBuildPhase section */

/* Begin PBXTargetDependency section */
		DF1B5BAA192FC81F0003166B /* PBXTargetDependency */ = {
			isa = PBXTargetDependency;
			target = DF1B5B82192FC81E0003166B /* Fooda */;
			targetProxy = DF1B5BA9192FC81F0003166B /* PBXContainerItemProxy */;
		};
/* End PBXTargetDependency section */

/* Begin PBXVariantGroup section */
		DF1B5B8F192FC81E0003166B /* InfoPlist.strings */ = {
			isa = PBXVariantGroup;
			children = (
				DF1B5B90192FC81E0003166B /* en */,
			);
			name = InfoPlist.strings;
			sourceTree = "<group>";
		};
		DF1B5B98192FC81E0003166B /* Main.storyboard */ = {
			isa = PBXVariantGroup;
			children = (
				DF1B5B99192FC81E0003166B /* Base */,
			);
			name = Main.storyboard;
			sourceTree = "<group>";
		};
		DF1B5BAE192FC81F0003166B /* InfoPlist.strings */ = {
			isa = PBXVariantGroup;
			children = (
				DF1B5BAF192FC81F0003166B /* en */,
			);
			name = InfoPlist.strings;
			sourceTree = "<group>";
		};
/* End PBXVariantGroup section */

/* Begin XCBuildConfiguration section */
		DF1B5BB3192FC81F0003166B /* Debug */ = {
			isa = XCBuildConfiguration;
			buildSettings = {
				ALWAYS_SEARCH_USER_PATHS = NO;
				CLANG_CXX_LANGUAGE_STANDARD = "gnu++0x";
				CLANG_CXX_LIBRARY = "libc++";
				CLANG_ENABLE_MODULES = YES;
				CLANG_ENABLE_OBJC_ARC = YES;
				CLANG_WARN_BOOL_CONVERSION = YES;
				CLANG_WARN_CONSTANT_CONVERSION = YES;
				CLANG_WARN_DIRECT_OBJC_ISA_USAGE = YES_ERROR;
				CLANG_WARN_EMPTY_BODY = YES;
				CLANG_WARN_ENUM_CONVERSION = YES;
				CLANG_WARN_INT_CONVERSION = YES;
				CLANG_WARN_OBJC_ROOT_CLASS = YES_ERROR;
				CLANG_WARN__DUPLICATE_METHOD_MATCH = YES;
				"CODE_SIGN_IDENTITY[sdk=iphoneos*]" = "iPhone Developer";
				COPY_PHASE_STRIP = NO;
				GCC_C_LANGUAGE_STANDARD = gnu99;
				GCC_DYNAMIC_NO_PIC = NO;
				GCC_OPTIMIZATION_LEVEL = 0;
				GCC_PREPROCESSOR_DEFINITIONS = (
					"DEBUG=1",
					"$(inherited)",
				);
				GCC_SYMBOLS_PRIVATE_EXTERN = NO;
				GCC_WARN_64_TO_32_BIT_CONVERSION = YES;
				GCC_WARN_ABOUT_RETURN_TYPE = YES_ERROR;
				GCC_WARN_UNDECLARED_SELECTOR = YES;
				GCC_WARN_UNINITIALIZED_AUTOS = YES_AGGRESSIVE;
				GCC_WARN_UNUSED_FUNCTION = YES;
				GCC_WARN_UNUSED_VARIABLE = YES;
				IPHONEOS_DEPLOYMENT_TARGET = 7.1;
				ONLY_ACTIVE_ARCH = YES;
				SDKROOT = iphoneos;
			};
			name = Debug;
		};
		DF1B5BB4192FC81F0003166B /* Release */ = {
			isa = XCBuildConfiguration;
			buildSettings = {
				ALWAYS_SEARCH_USER_PATHS = NO;
				CLANG_CXX_LANGUAGE_STANDARD = "gnu++0x";
				CLANG_CXX_LIBRARY = "libc++";
				CLANG_ENABLE_MODULES = YES;
				CLANG_ENABLE_OBJC_ARC = YES;
				CLANG_WARN_BOOL_CONVERSION = YES;
				CLANG_WARN_CONSTANT_CONVERSION = YES;
				CLANG_WARN_DIRECT_OBJC_ISA_USAGE = YES_ERROR;
				CLANG_WARN_EMPTY_BODY = YES;
				CLANG_WARN_ENUM_CONVERSION = YES;
				CLANG_WARN_INT_CONVERSION = YES;
				CLANG_WARN_OBJC_ROOT_CLASS = YES_ERROR;
				CLANG_WARN__DUPLICATE_METHOD_MATCH = YES;
				"CODE_SIGN_IDENTITY[sdk=iphoneos*]" = "iPhone Developer";
				COPY_PHASE_STRIP = YES;
				ENABLE_NS_ASSERTIONS = NO;
				GCC_C_LANGUAGE_STANDARD = gnu99;
				GCC_WARN_64_TO_32_BIT_CONVERSION = YES;
				GCC_WARN_ABOUT_RETURN_TYPE = YES_ERROR;
				GCC_WARN_UNDECLARED_SELECTOR = YES;
				GCC_WARN_UNINITIALIZED_AUTOS = YES_AGGRESSIVE;
				GCC_WARN_UNUSED_FUNCTION = YES;
				GCC_WARN_UNUSED_VARIABLE = YES;
				IPHONEOS_DEPLOYMENT_TARGET = 7.1;
				SDKROOT = iphoneos;
				VALIDATE_PRODUCT = YES;
			};
			name = Release;
		};
		DF1B5BB6192FC81F0003166B /* Debug */ = {
			isa = XCBuildConfiguration;
			buildSettings = {
				ASSETCATALOG_COMPILER_APPICON_NAME = AppIcon;
				ASSETCATALOG_COMPILER_LAUNCHIMAGE_NAME = LaunchImage;
				GCC_PRECOMPILE_PREFIX_HEADER = YES;
				GCC_PREFIX_HEADER = "Fooda/Fooda-Prefix.pch";
				INFOPLIST_FILE = "Fooda/Fooda-Info.plist";
				PRODUCT_NAME = "$(TARGET_NAME)";
				WRAPPER_EXTENSION = app;
			};
			name = Debug;
		};
		DF1B5BB7192FC81F0003166B /* Release */ = {
			isa = XCBuildConfiguration;
			buildSettings = {
				ASSETCATALOG_COMPILER_APPICON_NAME = AppIcon;
				ASSETCATALOG_COMPILER_LAUNCHIMAGE_NAME = LaunchImage;
				GCC_PRECOMPILE_PREFIX_HEADER = YES;
				GCC_PREFIX_HEADER = "Fooda/Fooda-Prefix.pch";
				INFOPLIST_FILE = "Fooda/Fooda-Info.plist";
				PRODUCT_NAME = "$(TARGET_NAME)";
				WRAPPER_EXTENSION = app;
			};
			name = Release;
		};
		DF1B5BB9192FC81F0003166B /* Debug */ = {
			isa = XCBuildConfiguration;
			buildSettings = {
				BUNDLE_LOADER = "$(BUILT_PRODUCTS_DIR)/Fooda.app/Fooda";
				FRAMEWORK_SEARCH_PATHS = (
					"$(SDKROOT)/Developer/Library/Frameworks",
					"$(inherited)",
					"$(DEVELOPER_FRAMEWORKS_DIR)",
				);
				GCC_PRECOMPILE_PREFIX_HEADER = YES;
				GCC_PREFIX_HEADER = "Fooda/Fooda-Prefix.pch";
				GCC_PREPROCESSOR_DEFINITIONS = (
					"DEBUG=1",
					"$(inherited)",
				);
				INFOPLIST_FILE = "FoodaTests/FoodaTests-Info.plist";
				PRODUCT_NAME = "$(TARGET_NAME)";
				TEST_HOST = "$(BUNDLE_LOADER)";
				WRAPPER_EXTENSION = xctest;
			};
			name = Debug;
		};
		DF1B5BBA192FC81F0003166B /* Release */ = {
			isa = XCBuildConfiguration;
			buildSettings = {
				BUNDLE_LOADER = "$(BUILT_PRODUCTS_DIR)/Fooda.app/Fooda";
				FRAMEWORK_SEARCH_PATHS = (
					"$(SDKROOT)/Developer/Library/Frameworks",
					"$(inherited)",
					"$(DEVELOPER_FRAMEWORKS_DIR)",
				);
				GCC_PRECOMPILE_PREFIX_HEADER = YES;
				GCC_PREFIX_HEADER = "Fooda/Fooda-Prefix.pch";
				INFOPLIST_FILE = "FoodaTests/FoodaTests-Info.plist";
				PRODUCT_NAME = "$(TARGET_NAME)";
				TEST_HOST = "$(BUNDLE_LOADER)";
				WRAPPER_EXTENSION = xctest;
			};
			name = Release;
		};
/* End XCBuildConfiguration section */

/* Begin XCConfigurationList section */
		DF1B5B7E192FC81E0003166B /* Build configuration list for PBXProject "Fooda" */ = {
			isa = XCConfigurationList;
			buildConfigurations = (
				DF1B5BB3192FC81F0003166B /* Debug */,
				DF1B5BB4192FC81F0003166B /* Release */,
			);
			defaultConfigurationIsVisible = 0;
			defaultConfigurationName = Release;
		};
		DF1B5BB5192FC81F0003166B /* Build configuration list for PBXNativeTarget "Fooda" */ = {
			isa = XCConfigurationList;
			buildConfigurations = (
				DF1B5BB6192FC81F0003166B /* Debug */,
				DF1B5BB7192FC81F0003166B /* Release */,
			);
			defaultConfigurationIsVisible = 0;
		};
		DF1B5BB8192FC81F0003166B /* Build configuration list for PBXNativeTarget "FoodaTests" */ = {
			isa = XCConfigurationList;
			buildConfigurations = (
				DF1B5BB9192FC81F0003166B /* Debug */,
				DF1B5BBA192FC81F0003166B /* Release */,
			);
			defaultConfigurationIsVisible = 0;
		};
/* End XCConfigurationList section */
	};
	rootObject = DF1B5B7B192FC81E0003166B /* Project object */;
}
